
Microsoft Visual Studio Solution File, Format Version 12.00
# Visual Studio 15
VisualStudioVersion = 15.0.27130.2024
MinimumVisualStudioVersion = 10.0.40219.1
Project("{FAE04EC0-301F-11D3-BF4B-00C04F79EFBC}") = "DistanceConverter", "DistanceConverter\DistanceConverter.csproj", "{ED756172-33E7-4AF3-A6EB-541C73E7667C}"
EndProject
Global
	GlobalSection(SolutionConfigurationPlatforms) = preSolution
		Debug|Any CPU = Debug|Any CPU
		Release|Any CPU = Release|Any CPU
	EndGlobalSection
	GlobalSection(ProjectConfigurationPlatforms) = postSolution
		{ED756172-33E7-4AF3-A6EB-541C73E7667C}.Debug|Any CPU.ActiveCfg = Debug|Any CPU
		{ED756172-33E7-4AF3-A6EB-541C73E7667C}.Debug|Any CPU.Build.0 = Debug|Any CPU
		{ED756172-33E7-4AF3-A6EB-541C73E7667C}.Release|Any CPU.ActiveCfg = Release|Any CPU
		{ED756172-33E7-4AF3-A6EB-541C73E7667C}.Release|Any CPU.Build.0 = Release|Any CPU
	EndGlobalSection
	GlobalSection(SolutionProperties) = preSolution
		HideSolutionNode = FALSE
	EndGlobalSection
	GlobalSection(ExtensibilityGlobals) = postSolution
		SolutionGuid = {D4BECF8C-58C8-43CD-BB24-340509294988}
	EndGlobalSection
EndGlobal
